// !$*UTF8*$!
{
	archiveVersion = 1;
	classes = {
	};
	objectVersion = 56;
	objects = {

/* Begin PBXBuildFile section */
		81AC20E22BA83556009158D8 /* AppDelegate.swift in Sources */ = {isa = PBXBuildFile; fileRef = 81AC20E12BA83556009158D8 /* AppDelegate.swift */; };
		81AC20E62BA83556009158D8 /* JobListViewController.swift in Sources */ = {isa = PBXBuildFile; fileRef = 81AC20E52BA83556009158D8 /* JobListViewController.swift */; };
		81AC20E92BA83556009158D8 /* Main.storyboard in Resources */ = {isa = PBXBuildFile; fileRef = 81AC20E72BA83556009158D8 /* Main.storyboard */; };
		81AC20EB2BA8355B009158D8 /* Assets.xcassets in Resources */ = {isa = PBXBuildFile; fileRef = 81AC20EA2BA8355B009158D8 /* Assets.xcassets */; };
		81AC20EE2BA8355B009158D8 /* LaunchScreen.storyboard in Resources */ = {isa = PBXBuildFile; fileRef = 81AC20EC2BA8355B009158D8 /* LaunchScreen.storyboard */; };
		81AC20F72BA837A1009158D8 /* OpenPositionsTableViewCell.swift in Sources */ = {isa = PBXBuildFile; fileRef = 81AC20F62BA837A1009158D8 /* OpenPositionsTableViewCell.swift */; };
		81AC20F92BA83A19009158D8 /* DetailsViewController.swift in Sources */ = {isa = PBXBuildFile; fileRef = 81AC20F82BA83A19009158D8 /* DetailsViewController.swift */; };
		81AC20FB2BA8400F009158D8 /* model.swift in Sources */ = {isa = PBXBuildFile; fileRef = 81AC20FA2BA8400F009158D8 /* model.swift */; };
		81AC20FD2BA840AB009158D8 /* JobListViewModel.swift in Sources */ = {isa = PBXBuildFile; fileRef = 81AC20FC2BA840AB009158D8 /* JobListViewModel.swift */; };
		81AC21012BA8419F009158D8 /* Alamofire in Frameworks */ = {isa = PBXBuildFile; productRef = 81AC21002BA8419F009158D8 /* Alamofire */; };
		81AC21092BA841CA009158D8 /* Branch in Frameworks */ = {isa = PBXBuildFile; productRef = 81AC21082BA841CA009158D8 /* Branch */; };
		81AC210C2BA84F81009158D8 /* Kingfisher in Frameworks */ = {isa = PBXBuildFile; productRef = 81AC210B2BA84F81009158D8 /* Kingfisher */; };
		81AC210E2BA856E3009158D8 /* DetailsJobsViewModel.swift in Sources */ = {isa = PBXBuildFile; fileRef = 81AC210D2BA856E3009158D8 /* DetailsJobsViewModel.swift */; };
/* End PBXBuildFile section */

/* Begin PBXFileReference section */
		81AC20DE2BA83556009158D8 /* Deeplink.app */ = {isa = PBXFileReference; explicitFileType = wrapper.application; includeInIndex = 0; path = Deeplink.app; sourceTree = BUILT_PRODUCTS_DIR; };
		81AC20E12BA83556009158D8 /* AppDelegate.swift */ = {isa = PBXFileReference; lastKnownFileType = sourcecode.swift; path = AppDelegate.swift; sourceTree = "<group>"; };
		81AC20E52BA83556009158D8 /* JobListViewController.swift */ = {isa = PBXFileReference; lastKnownFileType = sourcecode.swift; path = JobListViewController.swift; sourceTree = "<group>"; };
		81AC20E82BA83556009158D8 /* Base */ = {isa = PBXFileReference; lastKnownFileType = file.storyboard; name = Base; path = Base.lproj/Main.storyboard; sourceTree = "<group>"; };
		81AC20EA2BA8355B009158D8 /* Assets.xcassets */ = {isa = PBXFileReference; lastKnownFileType = folder.assetcatalog; path = Assets.xcassets; sourceTree = "<group>"; };
		81AC20ED2BA8355B009158D8 /* Base */ = {isa = PBXFileReference; lastKnownFileType = file.storyboard; name = Base; path = Base.lproj/LaunchScreen.storyboard; sourceTree = "<group>"; };
		81AC20EF2BA8355B009158D8 /* Info.plist */ = {isa = PBXFileReference; lastKnownFileType = text.plist.xml; path = Info.plist; sourceTree = "<group>"; };
		81AC20F52BA8359B009158D8 /* Deeplink.entitlements */ = {isa = PBXFileReference; lastKnownFileType = text.plist.entitlements; path = Deeplink.entitlements; sourceTree = "<group>"; };
		81AC20F62BA837A1009158D8 /* OpenPositionsTableViewCell.swift */ = {isa = PBXFileReference; lastKnownFileType = sourcecode.swift; path = OpenPositionsTableViewCell.swift; sourceTree = "<group>"; };
		81AC20F82BA83A19009158D8 /* DetailsViewController.swift */ = {isa = PBXFileReference; lastKnownFileType = sourcecode.swift; path = DetailsViewController.swift; sourceTree = "<group>"; };
		81AC20FA2BA8400F009158D8 /* model.swift */ = {isa = PBXFileReference; lastKnownFileType = sourcecode.swift; path = model.swift; sourceTree = "<group>"; };
		81AC20FC2BA840AB009158D8 /* JobListViewModel.swift */ = {isa = PBXFileReference; lastKnownFileType = sourcecode.swift; path = JobListViewModel.swift; sourceTree = "<group>"; };
		81AC210D2BA856E3009158D8 /* DetailsJobsViewModel.swift */ = {isa = PBXFileReference; lastKnownFileType = sourcecode.swift; path = DetailsJobsViewModel.swift; sourceTree = "<group>"; };
/* End PBXFileReference section */

/* Begin PBXFrameworksBuildPhase section */
		81AC20DB2BA83556009158D8 /* Frameworks */ = {
			isa = PBXFrameworksBuildPhase;
			buildActionMask = 2147483647;
			files = (
				81AC210C2BA84F81009158D8 /* Kingfisher in Frameworks */,
				81AC21092BA841CA009158D8 /* Branch in Frameworks */,
				81AC21012BA8419F009158D8 /* Alamofire in Frameworks */,
			);
			runOnlyForDeploymentPostprocessing = 0;
		};
/* End PBXFrameworksBuildPhase section */

/* Begin PBXGroup section */
		81AC20D52BA83555009158D8 = {
			isa = PBXGroup;
			children = (
				81AC20E02BA83556009158D8 /* Deeplink */,
				81AC20DF2BA83556009158D8 /* Products */,
			);
			sourceTree = "<group>";
		};
		81AC20DF2BA83556009158D8 /* Products */ = {
			isa = PBXGroup;
			children = (
				81AC20DE2BA83556009158D8 /* Deeplink.app */,
			);
			name = Products;
			sourceTree = "<group>";
		};
		81AC20E02BA83556009158D8 /* Deeplink */ = {
			isa = PBXGroup;
			children = (
				81AC20FE2BA84112009158D8 /* Model */,
				81AC20F52BA8359B009158D8 /* Deeplink.entitlements */,
				81AC20E12BA83556009158D8 /* AppDelegate.swift */,
				81AC20E52BA83556009158D8 /* JobListViewController.swift */,
				81AC20F82BA83A19009158D8 /* DetailsViewController.swift */,
				81AC20E72BA83556009158D8 /* Main.storyboard */,
				81AC20F62BA837A1009158D8 /* OpenPositionsTableViewCell.swift */,
				81AC20EA2BA8355B009158D8 /* Assets.xcassets */,
				81AC20EC2BA8355B009158D8 /* LaunchScreen.storyboard */,
				81AC20EF2BA8355B009158D8 /* Info.plist */,
			);
			path = Deeplink;
			sourceTree = "<group>";
		};
		81AC20FE2BA84112009158D8 /* Model */ = {
			isa = PBXGroup;
			children = (
				81AC20FC2BA840AB009158D8 /* JobListViewModel.swift */,
				81AC210D2BA856E3009158D8 /* DetailsJobsViewModel.swift */,
				81AC20FA2BA8400F009158D8 /* model.swift */,
			);
			path = Model;
			sourceTree = "<group>";
		};
/* End PBXGroup section */

/* Begin PBXNativeTarget section */
		81AC20DD2BA83556009158D8 /* Deeplink */ = {
			isa = PBXNativeTarget;
			buildConfigurationList = 81AC20F22BA8355B009158D8 /* Build configuration list for PBXNativeTarget "Deeplink" */;
			buildPhases = (
				81AC20DA2BA83556009158D8 /* Sources */,
				81AC20DB2BA83556009158D8 /* Frameworks */,
				81AC20DC2BA83556009158D8 /* Resources */,
			);
			buildRules = (
			);
			dependencies = (
			);
			name = Deeplink;
			packageProductDependencies = (
				81AC21002BA8419F009158D8 /* Alamofire */,
				81AC21082BA841CA009158D8 /* Branch */,
				81AC210B2BA84F81009158D8 /* Kingfisher */,
			);
			productName = Deeplink;
			productReference = 81AC20DE2BA83556009158D8 /* Deeplink.app */;
			productType = "com.apple.product-type.application";
		};
/* End PBXNativeTarget section */

/* Begin PBXProject section */
		81AC20D62BA83555009158D8 /* Project object */ = {
			isa = PBXProject;
			attributes = {
				BuildIndependentTargetsInParallel = 1;
				LastSwiftUpdateCheck = 1420;
				LastUpgradeCheck = 1420;
				TargetAttributes = {
					81AC20DD2BA83556009158D8 = {
						CreatedOnToolsVersion = 14.2;
					};
				};
			};
			buildConfigurationList = 81AC20D92BA83555009158D8 /* Build configuration list for PBXProject "Deeplink" */;
			compatibilityVersion = "Xcode 14.0";
			developmentRegion = en;
			hasScannedForEncodings = 0;
			knownRegions = (
				en,
				Base,
			);
			mainGroup = 81AC20D52BA83555009158D8;
			packageReferences = (
				81AC20FF2BA8419F009158D8 /* XCRemoteSwiftPackageReference "Alamofire" */,
				81AC21072BA841CA009158D8 /* XCRemoteSwiftPackageReference "branch.io" */,
				81AC210A2BA84F81009158D8 /* XCRemoteSwiftPackageReference "Kingfisher" */,
			);
			productRefGroup = 81AC20DF2BA83556009158D8 /* Products */;
			projectDirPath = "";
			projectRoot = "";
			targets = (
				81AC20DD2BA83556009158D8 /* Deeplink */,
			);
		};
/* End PBXProject section */

/* Begin PBXResourcesBuildPhase section */
		81AC20DC2BA83556009158D8 /* Resources */ = {
			isa = PBXResourcesBuildPhase;
			buildActionMask = 2147483647;
			files = (
				81AC20EE2BA8355B009158D8 /* LaunchScreen.storyboard in Resources */,
				81AC20EB2BA8355B009158D8 /* Assets.xcassets in Resources */,
				81AC20E92BA83556009158D8 /* Main.storyboard in Resources */,
			);
			runOnlyForDeploymentPostprocessing = 0;
		};
/* End PBXResourcesBuildPhase section */

/* Begin PBXSourcesBuildPhase section */
		81AC20DA2BA83556009158D8 /* Sources */ = {
			isa = PBXSourcesBuildPhase;
			buildActionMask = 2147483647;
			files = (
				81AC20F72BA837A1009158D8 /* OpenPositionsTableViewCell.swift in Sources */,
				81AC210E2BA856E3009158D8 /* DetailsJobsViewModel.swift in Sources */,
				81AC20FB2BA8400F009158D8 /* model.swift in Sources */,
				81AC20FD2BA840AB009158D8 /* JobListViewModel.swift in Sources */,
				81AC20E62BA83556009158D8 /* JobListViewController.swift in Sources */,
				81AC20E22BA83556009158D8 /* AppDelegate.swift in Sources */,
				81AC20F92BA83A19009158D8 /* DetailsViewController.swift in Sources */,
			);
			runOnlyForDeploymentPostprocessing = 0;
		};
/* End PBXSourcesBuildPhase section */

/* Begin PBXVariantGroup section */
		81AC20E72BA83556009158D8 /* Main.storyboard */ = {
			isa = PBXVariantGroup;
			children = (
				81AC20E82BA83556009158D8 /* Base */,
			);
			name = Main.storyboard;
			sourceTree = "<group>";
		};
		81AC20EC2BA8355B009158D8 /* LaunchScreen.storyboard */ = {
			isa = PBXVariantGroup;
			children = (
				81AC20ED2BA8355B009158D8 /* Base */,
			);
			name = LaunchScreen.storyboard;
			sourceTree = "<group>";
		};
/* End PBXVariantGroup section */

/* Begin XCBuildConfiguration section */
		81AC20F02BA8355B009158D8 /* Debug */ = {
			isa = XCBuildConfiguration;
			buildSettings = {
				ALWAYS_SEARCH_USER_PATHS = NO;
				CLANG_ANALYZER_NONNULL = YES;
				CLANG_ANALYZER_NUMBER_OBJECT_CONVERSION = YES_AGGRESSIVE;
				CLANG_CXX_LANGUAGE_STANDARD = "gnu++20";
				CLANG_ENABLE_MODULES = YES;
				CLANG_ENABLE_OBJC_ARC = YES;
				CLANG_ENABLE_OBJC_WEAK = YES;
				CLANG_WARN_BLOCK_CAPTURE_AUTORELEASING = YES;
				CLANG_WARN_BOOL_CONVERSION = YES;
				CLANG_WARN_COMMA = YES;
				CLANG_WARN_CONSTANT_CONVERSION = YES;
				CLANG_WARN_DEPRECATED_OBJC_IMPLEMENTATIONS = YES;
				CLANG_WARN_DIRECT_OBJC_ISA_USAGE = YES_ERROR;
				CLANG_WARN_DOCUMENTATION_COMMENTS = YES;
				CLANG_WARN_EMPTY_BODY = YES;
				CLANG_WARN_ENUM_CONVERSION = YES;
				CLANG_WARN_INFINITE_RECURSION = YES;
				CLANG_WARN_INT_CONVERSION = YES;
				CLANG_WARN_NON_LITERAL_NULL_CONVERSION = YES;
				CLANG_WARN_OBJC_IMPLICIT_RETAIN_SELF = YES;
				CLANG_WARN_OBJC_LITERAL_CONVERSION = YES;
				CLANG_WARN_OBJC_ROOT_CLASS = YES_ERROR;
				CLANG_WARN_QUOTED_INCLUDE_IN_FRAMEWORK_HEADER = YES;
				CLANG_WARN_RANGE_LOOP_ANALYSIS = YES;
				CLANG_WARN_STRICT_PROTOTYPES = YES;
				CLANG_WARN_SUSPICIOUS_MOVE = YES;
				CLANG_WARN_UNGUARDED_AVAILABILITY = YES_AGGRESSIVE;
				CLANG_WARN_UNREACHABLE_CODE = YES;
				CLANG_WARN__DUPLICATE_METHOD_MATCH = YES;
				COPY_PHASE_STRIP = NO;
				DEBUG_INFORMATION_FORMAT = dwarf;
				ENABLE_STRICT_OBJC_MSGSEND = YES;
				ENABLE_TESTABILITY = YES;
				GCC_C_LANGUAGE_STANDARD = gnu11;
				GCC_DYNAMIC_NO_PIC = NO;
				GCC_NO_COMMON_BLOCKS = YES;
				GCC_OPTIMIZATION_LEVEL = 0;
				GCC_PREPROCESSOR_DEFINITIONS = (
					"DEBUG=1",
					"$(inherited)",
				);
				GCC_WARN_64_TO_32_BIT_CONVERSION = YES;
				GCC_WARN_ABOUT_RETURN_TYPE = YES_ERROR;
				GCC_WARN_UNDECLARED_SELECTOR = YES;
				GCC_WARN_UNINITIALIZED_AUTOS = YES_AGGRESSIVE;
				GCC_WARN_UNUSED_FUNCTION = YES;
				GCC_WARN_UNUSED_VARIABLE = YES;
				IPHONEOS_DEPLOYMENT_TARGET = 13.0;
				MTL_ENABLE_DEBUG_INFO = INCLUDE_SOURCE;
				MTL_FAST_MATH = YES;
				ONLY_ACTIVE_ARCH = YES;
				SDKROOT = iphoneos;
				SWIFT_ACTIVE_COMPILATION_CONDITIONS = DEBUG;
				SWIFT_OPTIMIZATION_LEVEL = "-Onone";
			};
			name = Debug;
		};
		81AC20F12BA8355B009158D8 /* Release */ = {
			isa = XCBuildConfiguration;
			buildSettings = {
				ALWAYS_SEARCH_USER_PATHS = NO;
				CLANG_ANALYZER_NONNULL = YES;
				CLANG_ANALYZER_NUMBER_OBJECT_CONVERSION = YES_AGGRESSIVE;
				CLANG_CXX_LANGUAGE_STANDARD = "gnu++20";
				CLANG_ENABLE_MODULES = YES;
				CLANG_ENABLE_OBJC_ARC = YES;
				CLANG_ENABLE_OBJC_WEAK = YES;
				CLANG_WARN_BLOCK_CAPTURE_AUTORELEASING = YES;
				CLANG_WARN_BOOL_CONVERSION = YES;
				CLANG_WARN_COMMA = YES;
				CLANG_WARN_CONSTANT_CONVERSION = YES;
				CLANG_WARN_DEPRECATED_OBJC_IMPLEMENTATIONS = YES;
				CLANG_WARN_DIRECT_OBJC_ISA_USAGE = YES_ERROR;
				CLANG_WARN_DOCUMENTATION_COMMENTS = YES;
				CLANG_WARN_EMPTY_BODY = YES;
				CLANG_WARN_ENUM_CONVERSION = YES;
				CLANG_WARN_INFINITE_RECURSION = YES;
				CLANG_WARN_INT_CONVERSION = YES;
				CLANG_WARN_NON_LITERAL_NULL_CONVERSION = YES;
				CLANG_WARN_OBJC_IMPLICIT_RETAIN_SELF = YES;
				CLANG_WARN_OBJC_LITERAL_CONVERSION = YES;
				CLANG_WARN_OBJC_ROOT_CLASS = YES_ERROR;
				CLANG_WARN_QUOTED_INCLUDE_IN_FRAMEWORK_HEADER = YES;
				CLANG_WARN_RANGE_LOOP_ANALYSIS = YES;
				CLANG_WARN_STRICT_PROTOTYPES = YES;
				CLANG_WARN_SUSPICIOUS_MOVE = YES;
				CLANG_WARN_UNGUARDED_AVAILABILITY = YES_AGGRESSIVE;
				CLANG_WARN_UNREACHABLE_CODE = YES;
				CLANG_WARN__DUPLICATE_METHOD_MATCH = YES;
				COPY_PHASE_STRIP = NO;
				DEBUG_INFORMATION_FORMAT = "dwarf-with-dsym";
				ENABLE_NS_ASSERTIONS = NO;
				ENABLE_STRICT_OBJC_MSGSEND = YES;
				GCC_C_LANGUAGE_STANDARD = gnu11;
				GCC_NO_COMMON_BLOCKS = YES;
				GCC_WARN_64_TO_32_BIT_CONVERSION = YES;
				GCC_WARN_ABOUT_RETURN_TYPE = YES_ERROR;
				GCC_WARN_UNDECLARED_SELECTOR = YES;
				GCC_WARN_UNINITIALIZED_AUTOS = YES_AGGRESSIVE;
				GCC_WARN_UNUSED_FUNCTION = YES;
				GCC_WARN_UNUSED_VARIABLE = YES;
				IPHONEOS_DEPLOYMENT_TARGET = 13.0;
				MTL_ENABLE_DEBUG_INFO = NO;
				MTL_FAST_MATH = YES;
				SDKROOT = iphoneos;
				SWIFT_COMPILATION_MODE = wholemodule;
				SWIFT_OPTIMIZATION_LEVEL = "-O";
				VALIDATE_PRODUCT = YES;
			};
			name = Release;
		};
		81AC20F32BA8355B009158D8 /* Debug */ = {
			isa = XCBuildConfiguration;
			buildSettings = {
				ASSETCATALOG_COMPILER_APPICON_NAME = AppIcon;
				ASSETCATALOG_COMPILER_GLOBAL_ACCENT_COLOR_NAME = AccentColor;
				CODE_SIGN_ENTITLEMENTS = Deeplink/Deeplink.entitlements;
				CODE_SIGN_STYLE = Automatic;
				CURRENT_PROJECT_VERSION = 1;
				DEVELOPMENT_TEAM = GVC3D32364;
				GENERATE_INFOPLIST_FILE = YES;
				INFOPLIST_FILE = Deeplink/Info.plist;
				INFOPLIST_KEY_UIApplicationSupportsIndirectInputEvents = YES;
				INFOPLIST_KEY_UILaunchStoryboardName = LaunchScreen;
				INFOPLIST_KEY_UIMainStoryboardFile = "";
				INFOPLIST_KEY_UISupportedInterfaceOrientations_iPad = "UIInterfaceOrientationPortrait UIInterfaceOrientationPortraitUpsideDown UIInterfaceOrientationLandscapeLeft UIInterfaceOrientationLandscapeRight";
				INFOPLIST_KEY_UISupportedInterfaceOrientations_iPhone = "UIInterfaceOrientationPortrait UIInterfaceOrientationLandscapeLeft UIInterfaceOrientationLandscapeRight";
				LD_RUNPATH_SEARCH_PATHS = (
					"$(inherited)",
					"@executable_path/Frameworks",
				);
				MARKETING_VERSION = 1.0;
				PRODUCT_BUNDLE_IDENTIFIER = com.nikolailic.Deeplinktest;
				PRODUCT_NAME = "$(TARGET_NAME)";
				SWIFT_EMIT_LOC_STRINGS = YES;
				SWIFT_VERSION = 5.0;
				TARGETED_DEVICE_FAMILY = "1,2";
			};
			name = Debug;
		};
		81AC20F42BA8355B009158D8 /* Release */ = {
			isa = XCBuildConfiguration;
			buildSettings = {
				ASSETCATALOG_COMPILER_APPICON_NAME = AppIcon;
				ASSETCATALOG_COMPILER_GLOBAL_ACCENT_COLOR_NAME = AccentColor;
				CODE_SIGN_ENTITLEMENTS = Deeplink/Deeplink.entitlements;
				CODE_SIGN_STYLE = Automatic;
				CURRENT_PROJECT_VERSION = 1;
				DEVELOPMENT_TEAM = GVC3D32364;
				GENERATE_INFOPLIST_FILE = YES;
				INFOPLIST_FILE = Deeplink/Info.plist;
				INFOPLIST_KEY_UIApplicationSupportsIndirectInputEvents = YES;
				INFOPLIST_KEY_UILaunchStoryboardName = LaunchScreen;
				INFOPLIST_KEY_UIMainStoryboardFile = "";
				INFOPLIST_KEY_UISupportedInterfaceOrientations_iPad = "UIInterfaceOrientationPortrait UIInterfaceOrientationPortraitUpsideDown UIInterfaceOrientationLandscapeLeft UIInterfaceOrientationLandscapeRight";
				INFOPLIST_KEY_UISupportedInterfaceOrientations_iPhone = "UIInterfaceOrientationPortrait UIInterfaceOrientationLandscapeLeft UIInterfaceOrientationLandscapeRight";
				LD_RUNPATH_SEARCH_PATHS = (
					"$(inherited)",
					"@executable_path/Frameworks",
				);
				MARKETING_VERSION = 1.0;
				PRODUCT_BUNDLE_IDENTIFIER = com.nikolailic.Deeplinktest;
				PRODUCT_NAME = "$(TARGET_NAME)";
				SWIFT_EMIT_LOC_STRINGS = YES;
				SWIFT_VERSION = 5.0;
				TARGETED_DEVICE_FAMILY = "1,2";
			};
			name = Release;
		};
/* End XCBuildConfiguration section */

/* Begin XCConfigurationList section */
		81AC20D92BA83555009158D8 /* Build configuration list for PBXProject "Deeplink" */ = {
			isa = XCConfigurationList;
			buildConfigurations = (
				81AC20F02BA8355B009158D8 /* Debug */,
				81AC20F12BA8355B009158D8 /* Release */,
			);
			defaultConfigurationIsVisible = 0;
			defaultConfigurationName = Release;
		};
		81AC20F22BA8355B009158D8 /* Build configuration list for PBXNativeTarget "Deeplink" */ = {
			isa = XCConfigurationList;
			buildConfigurations = (
				81AC20F32BA8355B009158D8 /* Debug */,
				81AC20F42BA8355B009158D8 /* Release */,
			);
			defaultConfigurationIsVisible = 0;
			defaultConfigurationName = Release;
		};
/* End XCConfigurationList section */

/* Begin XCRemoteSwiftPackageReference section */
		81AC20FF2BA8419F009158D8 /* XCRemoteSwiftPackageReference "Alamofire" */ = {
			isa = XCRemoteSwiftPackageReference;
			repositoryURL = "https://github.com/Alamofire/Alamofire.git";
			requirement = {
				kind = upToNextMajorVersion;
				minimumVersion = 5.0.0;
			};
		};
		81AC21072BA841CA009158D8 /* XCRemoteSwiftPackageReference "branch.io" */ = {
			isa = XCRemoteSwiftPackageReference;
			repositoryURL = "https://github.com/MihaelIsaev/branch.io.spm";
			requirement = {
				branch = master;
				kind = branch;
			};
		};
		81AC210A2BA84F81009158D8 /* XCRemoteSwiftPackageReference "Kingfisher" */ = {
			isa = XCRemoteSwiftPackageReference;
			repositoryURL = "https://github.com/onevcat/Kingfisher.git";
			requirement = {
				kind = upToNextMajorVersion;
				minimumVersion = 7.0.0;
			};
		};
/* End XCRemoteSwiftPackageReference section */

/* Begin XCSwiftPackageProductDependency section */
		81AC21002BA8419F009158D8 /* Alamofire */ = {
			isa = XCSwiftPackageProductDependency;
			package = 81AC20FF2BA8419F009158D8 /* XCRemoteSwiftPackageReference "Alamofire" */;
			productName = Alamofire;
		};
		81AC21082BA841CA009158D8 /* Branch */ = {
			isa = XCSwiftPackageProductDependency;
			package = 81AC21072BA841CA009158D8 /* XCRemoteSwiftPackageReference "branch.io" */;
			productName = Branch;
		};
		81AC210B2BA84F81009158D8 /* Kingfisher */ = {
			isa = XCSwiftPackageProductDependency;
			package = 81AC210A2BA84F81009158D8 /* XCRemoteSwiftPackageReference "Kingfisher" */;
			productName = Kingfisher;
		};
/* End XCSwiftPackageProductDependency section */
	};
	rootObject = 81AC20D62BA83555009158D8 /* Project object */;
}
